# This file is generated by running "yarn install" inside your project.
# Manual changes might be lost - proceed with caution!

__metadata:
  version: 6
  cacheKey: 8

"@brainhubeu/license-auditor@npm:^1.2.0":
  version: 1.2.0
  resolution: "@brainhubeu/license-auditor@npm:1.2.0"
  dependencies:
    bluebird: ^3.7.2
    lodash: ^4.17.21
  checksum: c78c1cbd16cc1311a642881fcf20529988f4a7d93298cd1f52dfd3ceb940aee9985620e928318fe3c9ac6e41f50a6dd870aae8f2ec9a5a637cffd8150e039a3a
  languageName: node
  linkType: hard

"bluebird@npm:^3.7.2":
  version: 3.7.2
  resolution: "bluebird@npm:3.7.2"
  checksum: 869417503c722e7dc54ca46715f70e15f4d9c602a423a02c825570862d12935be59ed9c7ba34a9b31f186c017c23cac6b54e35446f8353059c101da73eac22ef
  languageName: node
  linkType: hard

"jpfulton-license-audits@workspace:.":
  version: 0.0.0-use.local
  resolution: "jpfulton-license-audits@workspace:."
  dependencies:
    "@brainhubeu/license-auditor": ^1.2.0
  languageName: unknown
  linkType: soft

"lodash@npm:^4.17.21":
  version: 4.17.21
  resolution: "lodash@npm:4.17.21"
  checksum: eb835a2e51d381e561e508ce932ea50a8e5a68f4ebdd771ea240d3048244a8d13658acbd502cd4829768c56f2e16bdd4340b9ea141297d472517b83868e677f7
  languageName: node
  linkType: hard
